{
  "name": "@larpbabylone/angular-user-module",
  "version": "1.0.0",
  "lockfileVersion": 3,
  "requires": true,
  "packages": {
    "": {
      "name": "@larpbabylone/angular-user-module",
      "version": "1.0.0",
      "dependencies": {
        "@larpbabylone/user-module": "file:../../../services/shared/user-module"
      },
      "devDependencies": {
        "typescript": "^6.0.3"
      },
      "peerDependencies": {
        "@angular/common": "^22.1.4",
        "@angular/core": "^22.1.4",
        "rxjs": "^7.8.2"
      }
    },
    "../../../services/shared/user-module": {
      "name": "@larpbabylone/user-module",
      "version": "1.0.0",
      "devDependencies": {
        "@types/node": "^24.13.3",
        "typescript": "^6.0.3"
      }
    },
    "node_modules/@angular/common": {
      "version": "22.1.4",
      "resolved": "https://registry.npmjs.org/@angular/common/-/common-22.1.4.tgz",
      "integrity": "sha512-UtWCloA/d0I5twV9Lu/Fcc7T6uQb40f/k0Hj5HLohIsiLTyvXVxWINBfa7LWWLtcq/0UOIY/yCs9Zq9Sj4dWqA==",
      "license": "MIT",
      "peer": true,
      "dependencies": {
        "tslib": "^2.3.0"
      },
      "engines": {
        "node": "^22.22.3 || ^24.15.0 || >=26.0.0"
      },
      "peerDependencies": {
        "@angular/core": "22.1.4",
        "rxjs": "^6.5.3 || ^7.4.0"
      }
    },
    "node_modules/@angular/core": {
      "version": "22.1.4",
      "resolved": "https://registry.npmjs.org/@angular/core/-/core-22.1.4.tgz",
      "integrity": "sha512-0dW+lw8nHo6RGBUOXtjs02vjHIPJ8rEbw4fd0NH3Dii4p+gIB4ZaTw+o7Se3Nf4m1oZ8+2qAYmWVHXlfhKcCDg==",
      "license": "MIT",
      "peer": true,
      "dependencies": {
        "tslib": "^2.3.0"
      },
      "engines": {
        "node": "^22.22.3 || ^24.15.0 || >=26.0.0"
      },
      "peerDependencies": {
        "@angular/compiler": "22.1.4",
        "rxjs": "^6.5.3 || ^7.4.0",
        "zone.js": "~0.15.0 || ~0.16.0"
      },
      "peerDependenciesMeta": {
        "@angular/compiler": {
          "optional": true
        },
        "zone.js": {
          "optional": true
        }
      }
    },
    "node_modules/@larpbabylone/user-module": {
      "resolved": "../../../services/shared/user-module",
      "link": true
    },
    "node_modules/rxjs": {
      "version": "7.8.2",
      "resolved": "https://registry.npmjs.org/rxjs/-/rxjs-7.8.2.tgz",
      "integrity": "sha512-dhKf903U/PQZY6boNNtAGdWbG85WAbjT/1xYoZIC7FAY0yWapOBQVsVrDl58W86//e1VpMNBtRV4MaXfdMySFA==",
      "license": "Apache-2.0",
      "peer": true,
      "dependencies": {
        "tslib": "^2.1.0"
      }
    },
    "node_modules/tslib": {
      "version": "2.8.1",
      "resolved": "https://registry.npmjs.org/tslib/-/tslib-2.8.1.tgz",
      "integrity": "sha512-oJFu94HQb+KVduSUQL7wnpmqnfmLsOA/nAh6b6EH0wCEoK0/mPeXU6c3wKDV83MkOuHPRHtSXKKU99IBazS/2w==",
      "license": "0BSD",
      "peer": true
    },
    "node_modules/typescript": {
      "version": "6.0.3",
      "resolved": "https://registry.npmjs.org/typescript/-/typescript-6.0.3.tgz",
      "integrity": "sha512-y2TvuxSZPDyQakkFRPZHKFm+KKVqIisdg9/CZwm9ftvKXLP8NRWj38/ODjNbr43SsoXqNuAisEf1GdCxqWcdBw==",
      "dev": true,
      "license": "Apache-2.0",
      "bin": {
        "tsc": "bin/tsc",
        "tsserver": "bin/tsserver"
      },
      "engines": {
        "node": ">=14.17"
      }
    }
  }
}
